
Microsoft Visual Studio Solution File, Format Version 12.00
# Visual Studio Version 17
VisualStudioVersion = 17.14.36616.10
MinimumVisualStudioVersion = 10.0.40219.1
Project("{FAE04EC0-301F-11D3-BF4B-00C04F79EFBC}") = "MuridenLibraries", "MuridenLibraries.csproj", "{8722564C-CA62-4722-B0E4-4F7A3069BDB9}"
EndProject
Global
	GlobalSection(SolutionConfigurationPlatforms) = preSolution
		Debug|Any CPU = Debug|Any CPU
		Release|Any CPU = Release|Any CPU
	EndGlobalSection
	GlobalSection(ProjectConfigurationPlatforms) = postSolution
		{8722564C-CA62-4722-B0E4-4F7A3069BDB9}.Debug|Any CPU.ActiveCfg = Debug|Any CPU
		{8722564C-CA62-4722-B0E4-4F7A3069BDB9}.Debug|Any CPU.Build.0 = Debug|Any CPU
		{8722564C-CA62-4722-B0E4-4F7A3069BDB9}.Release|Any CPU.ActiveCfg = Release|Any CPU
		{8722564C-CA62-4722-B0E4-4F7A3069BDB9}.Release|Any CPU.Build.0 = Release|Any CPU
	EndGlobalSection
	GlobalSection(SolutionProperties) = preSolution
		HideSolutionNode = FALSE
	EndGlobalSection
	GlobalSection(ExtensibilityGlobals) = postSolution
		SolutionGuid = {C9BC8CCD-B566-4056-9597-5D0CA1D8F09D}
	EndGlobalSection
EndGlobal
